
Microsoft Visual Studio Solution File, Format Version 12.00
# Visual Studio Version 16
VisualStudioVersion = 16.0.29102.190
MinimumVisualStudioVersion = 10.0.40219.1
Project("{FAE04EC0-301F-11D3-BF4B-00C04F79EFBC}") = "Would", "Would\Would.csproj", "{48080988-4F11-4E81-BF2B-CEDEDF9F251E}"
EndProject
Global
	GlobalSection(SolutionConfigurationPlatforms) = preSolution
		Debug|Any CPU = Debug|Any CPU
		Release|Any CPU = Release|Any CPU
	EndGlobalSection
	GlobalSection(ProjectConfigurationPlatforms) = postSolution
		{48080988-4F11-4E81-BF2B-CEDEDF9F251E}.Debug|Any CPU.ActiveCfg = Debug|Any CPU
		{48080988-4F11-4E81-BF2B-CEDEDF9F251E}.Debug|Any CPU.Build.0 = Debug|Any CPU
		{48080988-4F11-4E81-BF2B-CEDEDF9F251E}.Release|Any CPU.ActiveCfg = Release|Any CPU
		{48080988-4F11-4E81-BF2B-CEDEDF9F251E}.Release|Any CPU.Build.0 = Release|Any CPU
	EndGlobalSection
	GlobalSection(SolutionProperties) = preSolution
		HideSolutionNode = FALSE
	EndGlobalSection
	GlobalSection(ExtensibilityGlobals) = postSolution
		SolutionGuid = {64F66A4D-3945-4426-ADFB-50292C5948F2}
	EndGlobalSection
EndGlobal
